# This file is generated by running "yarn install" inside your project.
# Manual changes might be lost - proceed with caution!

__metadata:
  version: 6
  cacheKey: 8

"@types/commander@npm:^2.12.2":
  version: 2.12.2
  resolution: "@types/commander@npm:2.12.2"
  dependencies:
    commander: "*"
  checksum: 8cfc1797b3a6cbff7d723590480c36f5569dc1a9f2810770178ce10de1ed65655ae2ef954c9051fa176760dcf87b1e5330be65ef2e77e58c904be0e299b8b08e
  languageName: node
  linkType: hard

"commander@npm:*, commander@npm:^9.3.0":
  version: 9.4.1
  resolution: "commander@npm:9.4.1"
  checksum: bfb18e325a5bdf772763c2213d5c7d9e77144d944124e988bcd8e5e65fb6d45d5d4e86b09155d0f2556c9a59c31e428720e57968bcd050b2306e910a0bf3cf13
  languageName: node
  linkType: hard

"dedent-js@npm:^1.0.1":
  version: 1.0.1
  resolution: "dedent-js@npm:1.0.1"
  checksum: 3a86f4b11176b387c0633b4b201aef884f9bc83eb9485bd1156c5d9b3984a58fd7686f8213b67212b714a1abf00279bef5cd4eea6a9a7f033e37ce33352af9a9
  languageName: node
  linkType: hard

"dodao-course-processor@npm:^0.1.33":
  version: 0.1.33
  resolution: "dodao-course-processor@npm:0.1.33"
  dependencies:
    "@types/commander": ^2.12.2
    commander: ^9.3.0
    dedent-js: ^1.0.1
    jsonschema: ^1.4.1
    lodash: ^4.17.21
    yaml: ^2.1.1
  bin:
    dodao-course-processor: dist/index.js
  checksum: 9cce1591fef7753813c05e6f0ba383d39367cd79394c1106446afd793140e84f869bd494fb0bc2a6e816764ced8fa333651951287d32498fbdbe9b39ebab0b12
  languageName: node
  linkType: hard

"dodao-lending-and-borrowing-course@workspace:.":
  version: 0.0.0-use.local
  resolution: "dodao-lending-and-borrowing-course@workspace:."
  dependencies:
    dodao-course-processor: ^0.1.33
  languageName: unknown
  linkType: soft

"jsonschema@npm:^1.4.1":
  version: 1.4.1
  resolution: "jsonschema@npm:1.4.1"
  checksum: 1ef02a6cd9bc32241ec86bbf1300bdbc3b5f2d8df6eb795517cf7d1cd9909e7beba1e54fdf73990fd66be98a182bda9add9607296b0cb00b1348212988e424b2
  languageName: node
  linkType: hard

"lodash@npm:^4.17.21":
  version: 4.17.21
  resolution: "lodash@npm:4.17.21"
  checksum: eb835a2e51d381e561e508ce932ea50a8e5a68f4ebdd771ea240d3048244a8d13658acbd502cd4829768c56f2e16bdd4340b9ea141297d472517b83868e677f7
  languageName: node
  linkType: hard

"yaml@npm:^2.1.1":
  version: 2.1.3
  resolution: "yaml@npm:2.1.3"
  checksum: 91316062324a93f9cb547469092392e7d004ff8f70c40fecb420f042a4870b2181557350da56c92f07bd44b8f7a252b0be26e6ade1f548e1f4351bdd01c9d3c7
  languageName: node
  linkType: hard
